
Microsoft Visual Studio Solution File, Format Version 12.00
# Visual Studio Version 17
VisualStudioVersion = 17.10.35122.118
MinimumVisualStudioVersion = 10.0.40219.1
Project("{9A19103F-16F7-4668-BE54-9A1E7A4F7556}") = "ConsoleApp1", "ConsoleApp1\ConsoleApp1.csproj", "{D9D316FF-93DE-46A4-8C2C-8DFD0C825FD5}"
EndProject
Project("{2150E333-8FDC-42A3-9474-1A3956D46DE8}") = "Elementos de la solución", "Elementos de la solución", "{80D088E8-AEED-4BC6-B8F0-74E9FC72AD9C}"
EndProject
Global
	GlobalSection(SolutionConfigurationPlatforms) = preSolution
		Debug|Any CPU = Debug|Any CPU
		Release|Any CPU = Release|Any CPU
	EndGlobalSection
	GlobalSection(ProjectConfigurationPlatforms) = postSolution
		{D9D316FF-93DE-46A4-8C2C-8DFD0C825FD5}.Debug|Any CPU.ActiveCfg = Debug|Any CPU
		{D9D316FF-93DE-46A4-8C2C-8DFD0C825FD5}.Debug|Any CPU.Build.0 = Debug|Any CPU
		{D9D316FF-93DE-46A4-8C2C-8DFD0C825FD5}.Release|Any CPU.ActiveCfg = Release|Any CPU
		{D9D316FF-93DE-46A4-8C2C-8DFD0C825FD5}.Release|Any CPU.Build.0 = Release|Any CPU
	EndGlobalSection
	GlobalSection(SolutionProperties) = preSolution
		HideSolutionNode = FALSE
	EndGlobalSection
	GlobalSection(ExtensibilityGlobals) = postSolution
		SolutionGuid = {678D84BF-A68D-46EC-93DE-29319C501392}
	EndGlobalSection
EndGlobal
